{
    "hash": "857b61866e493b8204708d3fd6ca090b",
    "packages": [
        {
            "package": "alchemy/Phlickr",
            "version": "dev-master",
            "source-reference": "89993abd6a02b42e0b765114c34c26c4056762fa"
        },
        {
            "package": "alchemy/oauth2php",
            "version": "dev-master",
            "source-reference": "5f949209461e8f4c31e8476155188923aafa2ae5"
        },
        {
            "package": "alchemy/phpmailer",
            "version": "dev-master",
            "source-reference": "3bdb8bc7a8f304c27900d7b2ddc00068c86c781f"
        },
        {
            "package": "dailymotion/sdk",
            "version": "dev-master",
            "source-reference": "bf3863eb335b0414a4a93686cee23e8cf64a32f2"
        },
        {
            "package": "data-uri/data-uri",
            "version": "dev-master",
            "source-reference": "34f587d4baf0e1127da23e78df0ebff9ff1d37a0"
        },
        {
            "package": "doctrine/common",
            "version": "2.2.2"
        },
        {
            "package": "doctrine/data-fixtures",
            "version": "dev-master",
            "source-reference": "f201391349f3dc6bd9c9c698927ea7c78104c461"
        },
        {
            "package": "doctrine/dbal",
            "version": "2.2.2"
        },
        {
            "package": "doctrine/orm",
            "version": "2.2.2"
        },
        {
            "package": "gedmo/doctrine-extensions",
            "version": "2.2.x-dev",
            "source-reference": "v2.2.2"
        },
        {
            "package": "imagine/Imagine",
            "version": "dev-develop",
            "source-reference": "4428511d5d84e593b995a7ac8ec72854b5bc7c56"
        },
        {
            "package": "media-alchemyst/media-alchemyst",
            "version": "dev-master",
            "source-reference": "0e883e4db8c3d3579b78f1acb0f2382745605d4a"
        },
        {
            "package": "mediavorus/mediavorus",
            "version": "dev-master",
            "source-reference": "231f77f71e94006b0512c01e52d023a4d268cfc7"
        },
        {
            "package": "monolog/monolog",
            "version": "1.0.2"
        },
        {
            "package": "php-ffmpeg/php-ffmpeg",
            "version": "dev-master",
            "source-reference": "d024622a8ea025c11f200f311025b53c39f83ac3"
        },
        {
            "package": "php-mp4box/php-mp4box",
            "version": "dev-master",
            "source-reference": "ed3ae359984793a699c540871acc1d68ca6589fe"
        },
        {
            "package": "php-unoconv/php-unoconv",
            "version": "dev-master",
            "source-reference": "27f257203be01e3343128b902a06fb82363876b8"
        },
        {
            "package": "php-xpdf/php-xpdf",
            "version": "dev-master",
            "source-reference": "d4dba54db65dcc3210d1b0fe25588befdf56efbe"
        },
        {
            "package": "phpexiftool/exiftool",
            "version": "dev-master",
            "source-reference": "d58d08b134904764da7861f459767b83d3b55072"
        },
        {
            "package": "phpexiftool/phpexiftool",
            "version": "dev-master",
            "source-reference": "d456c37df4ee53d06383a5b85f072dcb49a97566"
        },
        {
            "package": "pimple/pimple",
            "version": "dev-master",
            "source-reference": "v1.0.0"
        },
        {
            "package": "pimple/pimple",
            "version": "dev-master",
            "source-reference": "v1.0.0",
            "alias-pretty-version": "1.0.x-dev",
            "alias-version": "1.0.9999999.9999999-dev"
        },
        {
            "package": "silex/silex",
            "version": "dev-master",
            "source-reference": "e3113f97289c750b2a20bbd17201828f0a2f4cf2",
            "alias-pretty-version": "1.0.x-dev",
            "alias-version": "1.0.9999999.9999999-dev"
        },
        {
            "package": "silex/silex",
            "version": "dev-master",
            "source-reference": "55c9c06b9d79fbbf05927be10911f0c73d7fa8c0"
        },
        {
            "package": "silex/silex",
            "version": "dev-master",
            "source-reference": "55c9c06b9d79fbbf05927be10911f0c73d7fa8c0",
            "alias-pretty-version": "1.0.x-dev",
            "alias-version": "1.0.9999999.9999999-dev"
        },
        {
            "package": "swftools/swftools",
            "version": "dev-master",
            "source-reference": "9e7668636baf3ef6c833d3bbd44ba17d4a062942"
        },
        {
            "package": "swiftmailer/swiftmailer",
            "version": "dev-master",
            "source-reference": "9895567cec5a13d1a43db5053defbaad260c1b87"
        },
        {
            "package": "swiftmailer/swiftmailer",
            "version": "dev-master",
            "source-reference": "9895567cec5a13d1a43db5053defbaad260c1b87",
            "alias-pretty-version": "4.1.x-dev",
            "alias-version": "4.1.9999999.9999999-dev"
        },
        {
            "package": "symfony/symfony",
            "version": "dev-master",
            "source-reference": "023dbf809adf6d6b62c16cc8ae64ce9e670c20e8",
            "alias-pretty-version": "2.1.x-dev",
            "alias-version": "2.1.9999999.9999999-dev"
        },
        {
            "package": "symfony/symfony",
            "version": "dev-master",
            "source-reference": "023dbf809adf6d6b62c16cc8ae64ce9e670c20e8"
        },
        {
            "package": "symfony/symfony",
            "version": "dev-master",
            "source-reference": "b07fb3c459b78061d755df20ee3ad9461e5edec4",
            "alias-pretty-version": "2.1.x-dev",
            "alias-version": "2.1.9999999.9999999-dev"
        },
        {
            "package": "tcpdf/tcpdf",
            "version": "dev-master",
            "source-reference": "8c874186166237b7909d6aa3d9aaae1ed6c4d245"
        },
        {
            "package": "twig/extensions",
            "version": "dev-master",
            "source-reference": "feb6d3f10c411e2631997c0a905aa581c80305c1"
        },
        {
            "package": "twig/twig",
            "version": "dev-master",
            "source-reference": "573a36097146b319e5fb36546a0377c7440bbfe3",
            "alias-pretty-version": "1.8.x-dev",
            "alias-version": "1.8.9999999.9999999-dev"
        },
        {
            "package": "twig/twig",
            "version": "dev-master",
            "source-reference": "573a36097146b319e5fb36546a0377c7440bbfe3"
        },
        {
            "package": "zend/gdata",
            "version": "dev-master",
            "source-reference": "827dc8696f1e5b70a4c507355877cdbab60fb3fa"
        }
    ],
    "packages-dev": null,
    "aliases": [

    ],
    "minimum-stability": "dev",
    "stability-flags": {
        "doctrine/data-fixtures": 20,
        "phpexiftool/phpexiftool": 20,
        "mediavorus/mediavorus": 20,
        "media-alchemyst/media-alchemyst": 20,
        "php-xpdf/php-xpdf": 20,
        "data-uri/data-uri": 20,
        "fabpot/php-cs-fixer": 20
    }
}
