{
    "hash": "857b61866e493b8204708d3fd6ca090b",
    "packages": [
        {
            "package": "alchemy/Phlickr",
            "version": "dev-master",
            "source-reference": "89993abd6a02b42e0b765114c34c26c4056762fa"
        },
        {
            "package": "alchemy/oauth2php",
            "version": "dev-master",
            "source-reference": "5f949209461e8f4c31e8476155188923aafa2ae5"
        },
        {
            "package": "alchemy/phpmailer",
            "version": "dev-master",
            "source-reference": "3bdb8bc7a8f304c27900d7b2ddc00068c86c781f"
        },
        {
            "package": "dailymotion/sdk",
            "version": "dev-master",
            "source-reference": "bf3863eb335b0414a4a93686cee23e8cf64a32f2"
        },
        {
            "package": "data-uri/data-uri",
            "version": "dev-master",
            "source-reference": "c29d1cca49d6ba38d532025db5bf0cd06031da06"
        },
        {
            "package": "doctrine/common",
            "version": "2.2.2"
        },
        {
            "package": "doctrine/data-fixtures",
            "version": "dev-master",
            "source-reference": "d233d05437c1a10034867f22069b4bb0f7dc96b6"
        },
        {
            "package": "doctrine/dbal",
            "version": "2.2.2"
        },
        {
            "package": "doctrine/orm",
            "version": "2.2.2"
        },
        {
            "package": "gedmo/doctrine-extensions",
            "version": "2.2.x-dev",
            "source-reference": "v2.2.2"
        },
        {
            "package": "imagine/Imagine",
            "version": "dev-develop",
            "source-reference": "4428511d5d84e593b995a7ac8ec72854b5bc7c56"
        },
        {
            "package": "media-alchemyst/media-alchemyst",
            "version": "dev-master",
            "source-reference": "0bd6ea6f8e8c9e221eaa4d57f0bbacff32f60368"
        },
        {
            "package": "mediavorus/mediavorus",
            "version": "dev-master",
            "source-reference": "c8a764abf50f203d85c9cbc725b7555096e07123"
        },
        {
            "package": "monolog/monolog",
            "version": "1.0.2"
        },
        {
            "package": "php-ffmpeg/php-ffmpeg",
            "version": "dev-master",
            "source-reference": "1de9390db3f7d3bec8255b64c919cc0373d82d54"
        },
        {
            "package": "php-mp4box/php-mp4box",
            "version": "dev-master",
            "source-reference": "ed3ae359984793a699c540871acc1d68ca6589fe"
        },
        {
            "package": "php-unoconv/php-unoconv",
            "version": "dev-master",
            "source-reference": "27f257203be01e3343128b902a06fb82363876b8"
        },
        {
            "package": "php-xpdf/php-xpdf",
            "version": "dev-master",
            "source-reference": "68d8bf02710fb0de0c5b15f402e378dec55caaf0"
        },
        {
            "package": "phpexiftool/exiftool",
            "version": "dev-master",
            "source-reference": "d58d08b134904764da7861f459767b83d3b55072"
        },
        {
            "package": "phpexiftool/phpexiftool",
            "version": "dev-master",
            "source-reference": "0a458a069b94b68124f6a66a5c9e1c128605177b"
        },
        {
            "package": "pimple/pimple",
            "version": "dev-master",
            "alias-pretty-version": "1.0.x-dev",
            "alias-version": "1.0.9999999.9999999-dev"
        },
        {
            "package": "pimple/pimple",
            "version": "dev-master",
            "source-reference": "v1.0.0"
        },
        {
            "package": "silex/silex",
            "version": "dev-master",
            "source-reference": "8b7796f94154e0cb51db3733e4262de50114c121"
        },
        {
            "package": "silex/silex",
            "version": "dev-master",
            "alias-pretty-version": "1.0.x-dev",
            "alias-version": "1.0.9999999.9999999-dev"
        },
        {
            "package": "swftools/swftools",
            "version": "dev-master",
            "source-reference": "676d78d7ff36205345af4a6fefb4c1c49caea39e"
        },
        {
            "package": "swiftmailer/swiftmailer",
            "version": "dev-master",
            "source-reference": "d33d54cc8a081b0b85734744936ede1ba230dd64"
        },
        {
            "package": "swiftmailer/swiftmailer",
            "version": "dev-master",
            "alias-pretty-version": "4.1.x-dev",
            "alias-version": "4.1.9999999.9999999-dev"
        },
        {
            "package": "symfony/symfony",
            "version": "dev-master",
            "alias-pretty-version": "2.1.x-dev",
            "alias-version": "2.1.9999999.9999999-dev"
        },
        {
            "package": "symfony/symfony",
            "version": "dev-master",
            "source-reference": "1541fe26e4d78135ab24ae2edfb1dbc2a9b2fa40"
        },
        {
            "package": "tcpdf/tcpdf",
            "version": "dev-master",
            "source-reference": "8c874186166237b7909d6aa3d9aaae1ed6c4d245"
        },
        {
            "package": "twig/extensions",
            "version": "dev-master",
            "source-reference": "feb6d3f10c411e2631997c0a905aa581c80305c1"
        },
        {
            "package": "twig/twig",
            "version": "dev-master",
            "alias-pretty-version": "1.8.x-dev",
            "alias-version": "1.8.9999999.9999999-dev"
        },
        {
            "package": "twig/twig",
            "version": "dev-master",
            "source-reference": "6d072640c44f1781049afd2d96060c72da80662a"
        },
        {
            "package": "zend/gdata",
            "version": "dev-master",
            "source-reference": "827dc8696f1e5b70a4c507355877cdbab60fb3fa"
        }
    ],
    "packages-dev": null,
    "aliases": [

    ],
    "minimum-stability": "dev",
    "stability-flags": {
        "doctrine/data-fixtures": 20,
        "phpexiftool/phpexiftool": 20,
        "mediavorus/mediavorus": 20,
        "media-alchemyst/media-alchemyst": 20,
        "php-xpdf/php-xpdf": 20,
        "data-uri/data-uri": 20,
        "fabpot/php-cs-fixer": 20
    }
}
