{
    "hash": "5bf41b7681091d016c3ba913e32ce794",
    "packages": [
        {
            "package": "alchemy/Phlickr",
            "version": "dev-master",
            "source-reference": "89993abd6a02b42e0b765114c34c26c4056762fa",
            "commit-date": "1334339011"
        },
        {
            "package": "alchemy/oauth2php",
            "version": "dev-master",
            "source-reference": "5f949209461e8f4c31e8476155188923aafa2ae5",
            "commit-date": "1333122427"
        },
        {
            "package": "alchemy/phpmailer",
            "version": "dev-master",
            "source-reference": "3bdb8bc7a8f304c27900d7b2ddc00068c86c781f",
            "commit-date": "1333125389"
        },
        {
            "package": "dailymotion/sdk",
            "version": "dev-master",
            "source-reference": "3a8e5d5f07523031138f47d9d7ecf439a1a7300d",
            "commit-date": "1341934599"
        },
        {
            "package": "data-uri/data-uri",
            "version": "dev-master",
            "source-reference": "c29d1cca49d6ba38d532025db5bf0cd06031da06",
            "commit-date": "1338509340"
        },
        {
            "package": "doctrine/common",
            "version": "2.2.2"
        },
        {
            "package": "doctrine/dbal",
            "version": "2.2.2"
        },
        {
            "package": "doctrine/orm",
            "version": "2.2.2"
        },
        {
            "package": "gedmo/doctrine-extensions",
            "version": "2.2.x-dev",
            "source-reference": "v2.2.3",
            "commit-date": "1339767845"
        },
        {
            "package": "guzzle/common",
            "version": "v2.8.2"
        },
        {
            "package": "guzzle/http",
            "version": "v2.8.2"
        },
        {
            "package": "guzzle/parser",
            "version": "v2.8.2"
        },
        {
            "package": "imagine/Imagine",
            "version": "dev-develop",
            "source-reference": "a9e70ca4c5f08630604caaa02359c3809247f616",
            "commit-date": "1343106283"
        },
        {
            "package": "media-alchemyst/media-alchemyst",
            "version": "dev-master",
            "source-reference": "9181cc3da00f28f0d07d067eeaa952ab24f81eb9",
            "commit-date": "1342615297"
        },
        {
            "package": "mediavorus/mediavorus",
            "version": "dev-master",
            "source-reference": "2e194cc17b78bf1fd98f0ffa2afb29188e567211",
            "commit-date": "1342615206"
        },
        {
            "package": "monolog/monolog",
            "version": "1.0.2"
        },
        {
            "package": "php-ffmpeg/php-ffmpeg",
            "version": "dev-master",
            "source-reference": "b6b8bd502131e0dd82f53517ccc84d3de2c09424",
            "commit-date": "1340268165"
        },
        {
            "package": "php-mp4box/php-mp4box",
            "version": "dev-master",
            "source-reference": "ed3ae359984793a699c540871acc1d68ca6589fe",
            "commit-date": "1335481578"
        },
        {
            "package": "php-unoconv/php-unoconv",
            "version": "dev-master",
            "source-reference": "27f257203be01e3343128b902a06fb82363876b8",
            "commit-date": "1335481542"
        },
        {
            "package": "php-xpdf/php-xpdf",
            "version": "dev-master",
            "source-reference": "36e8feb0d7a59aab6b66c549ca25fe6bb4147c5f",
            "commit-date": "1340123615"
        },
        {
            "package": "phpexiftool/exiftool",
            "version": "dev-master",
            "source-reference": "999e660215b25a12fd3409df9a31883b6c617570",
            "commit-date": "1339513761"
        },
        {
            "package": "phpexiftool/phpexiftool",
            "version": "dev-master",
            "source-reference": "3e63a2713cfb15efdc7aa6b49e61080c31b5310d",
            "commit-date": "1343328301"
        },
        {
            "package": "pimple/pimple",
            "version": "dev-master",
            "alias-pretty-version": "1.0.x-dev",
            "alias-version": "1.0.9999999.9999999-dev"
        },
        {
            "package": "pimple/pimple",
            "version": "dev-master",
            "source-reference": "db836b8cfadc0f39dacafa2bf311a1ab603600bb",
            "commit-date": "1343051648"
        },
        {
            "package": "silex/silex",
            "version": "dev-master",
            "alias-pretty-version": "1.0.x-dev",
            "alias-version": "1.0.9999999.9999999-dev"
        },
        {
            "package": "silex/silex",
            "version": "dev-master",
            "source-reference": "3ae77d823cc30dcfe4ec342614c8f400abb26657",
            "commit-date": "1342943573"
        },
        {
            "package": "swftools/swftools",
            "version": "dev-master",
            "source-reference": "72f339293ca74606814f41fd95f8c552257d8c3b",
            "commit-date": "1339439296"
        },
        {
            "package": "swiftmailer/swiftmailer",
            "version": "v4.1.8"
        },
        {
            "package": "symfony/symfony",
            "version": "dev-master",
            "alias-pretty-version": "2.1.x-dev",
            "alias-version": "2.1.9999999.9999999-dev"
        },
        {
            "package": "symfony/symfony",
            "version": "dev-master",
            "source-reference": "2aaa4ed84e56ad8e3420e696f6a42231d30bc1d2",
            "commit-date": "1343064472"
        },
        {
            "package": "tcpdf/tcpdf",
            "version": "dev-master",
            "source-reference": "5.9.173",
            "commit-date": "1343127876"
        },
        {
            "package": "twig/extensions",
            "version": "dev-master",
            "source-reference": "feb6d3f10c411e2631997c0a905aa581c80305c1",
            "commit-date": "1337599699"
        },
        {
            "package": "twig/twig",
            "version": "dev-master",
            "alias-pretty-version": "1.9.x-dev",
            "alias-version": "1.9.9999999.9999999-dev"
        },
        {
            "package": "twig/twig",
            "version": "dev-master",
            "source-reference": "657de7bdeb680815e0df95f63da9f81e1533d2ea",
            "commit-date": "1342953178"
        },
        {
            "package": "zend/gdata",
            "version": "dev-master",
            "source-reference": "827dc8696f1e5b70a4c507355877cdbab60fb3fa",
            "commit-date": "1336132669"
        }
    ],
    "packages-dev": [
        {
            "package": "behat/behat",
            "version": "v2.4.2"
        },
        {
            "package": "behat/gherkin",
            "version": "v2.2.2"
        },
        {
            "package": "behat/mink",
            "version": "v1.4.0"
        },
        {
            "package": "behat/mink-browserkit-driver",
            "version": "dev-master",
            "source-reference": "97fa7d67ab5afb13d74515c15ef5c0cab12c0bc0",
            "commit-date": "1341477260"
        },
        {
            "package": "behat/mink-extension",
            "version": "dev-master",
            "source-reference": "bef6818b9538ef9ba75d1f5845fe71c1f5621ad1",
            "commit-date": "1343146519"
        },
        {
            "package": "behat/mink-goutte-driver",
            "version": "dev-master",
            "source-reference": "192e58dfd26098385218d65637426c26d148d9b0",
            "commit-date": "1343123643"
        },
        {
            "package": "behat/mink-selenium2-driver",
            "version": "dev-master",
            "source-reference": "v1.0.2",
            "commit-date": "1341477123"
        },
        {
            "package": "doctrine/data-fixtures",
            "version": "dev-master",
            "source-reference": "779c3dfe446b6da893be87b908d6be28345d1e01",
            "commit-date": "1341780535"
        },
        {
            "package": "fabpot/goutte",
            "version": "dev-master",
            "source-reference": "df14259688c7d6f1d366aa073a589695d2b9f451",
            "commit-date": "1343194442"
        },
        {
            "package": "fabpot/php-cs-fixer",
            "version": "dev-master",
            "source-reference": "55701d65622b72cbe0db8d8f9136d36e45b2f7f4",
            "commit-date": "1343202851"
        },
        {
            "package": "instaclick/php-webdriver",
            "version": "dev-master",
            "source-reference": "v1.0",
            "commit-date": "1337727558"
        }
    ],
    "aliases": [

    ],
    "minimum-stability": "dev",
    "stability-flags": {
        "data-uri/data-uri": 20,
        "mediavorus/mediavorus": 20,
        "media-alchemyst/media-alchemyst": 20,
        "php-xpdf/php-xpdf": 20,
        "phpexiftool/phpexiftool": 20,
        "behat/behat": 0,
        "behat/mink-extension": 20,
        "behat/mink-goutte-driver": 20,
        "behat/mink-selenium2-driver": 20,
        "doctrine/data-fixtures": 20,
        "fabpot/php-cs-fixer": 20
    }
}
